
Microsoft Visual Studio Solution File, Format Version 12.00
# Visual Studio Version 17
VisualStudioVersion = 17.0.31903.59
MinimumVisualStudioVersion = 10.0.40219.1
Project("{2150E333-8FDC-42A3-9474-1A3956D46DE8}") = "Domain", "Domain", "{996CEBED-A05B-5D42-3FF0-982E087A2599}"
EndProject
Project("{FAE04EC0-301F-11D3-BF4B-00C04F79EFBC}") = "SGA.Domain", "Domain\SGA.Domain\SGA.Domain.csproj", "{DA8EEF1C-34DB-4C49-975D-489C2A9CF656}"
EndProject
Project("{2150E333-8FDC-42A3-9474-1A3956D46DE8}") = "Application", "Application", "{A74F262E-BDE7-D5D2-89E9-785413424D0A}"
EndProject
Project("{FAE04EC0-301F-11D3-BF4B-00C04F79EFBC}") = "SGA.Application", "Application\SGA.Application\SGA.Application.csproj", "{024B4D5B-A9AE-4C6B-8F16-5D4AB1C1C3B3}"
EndProject
Project("{2150E333-8FDC-42A3-9474-1A3956D46DE8}") = "Infrastructure", "Infrastructure", "{DFEE68D8-A7D0-1A41-506C-9B74AA9A7B7B}"
EndProject
Project("{2150E333-8FDC-42A3-9474-1A3956D46DE8}") = "Persistence", "Persistence", "{FE6F03B7-E52A-C330-3B18-B788188019C7}"
EndProject
Project("{FAE04EC0-301F-11D3-BF4B-00C04F79EFBC}") = "SGA.Infrastructure.Persistence", "Infrastructure\Persistence\SGA.Infrastructure.Persistence\SGA.Infrastructure.Persistence.csproj", "{E4785DD5-788A-4D6C-BCF6-FDF69F9130A2}"
EndProject
Project("{2150E333-8FDC-42A3-9474-1A3956D46DE8}") = "Api", "Api", "{D82C56D6-B2CD-F611-9E31-04638F7EC30E}"
EndProject
Project("{FAE04EC0-301F-11D3-BF4B-00C04F79EFBC}") = "SGA.Api", "Api\SGA.Api\SGA.Api.csproj", "{63F2BBBC-8E82-4BF8-8175-705FDB63ECAC}"
EndProject
Project("{2150E333-8FDC-42A3-9474-1A3956D46DE8}") = "Tests", "Tests", "{0AB3BF05-4346-4AA6-1389-037BE0695223}"
EndProject
Project("{FAE04EC0-301F-11D3-BF4B-00C04F79EFBC}") = "SGA.Domain.Tests", "Tests\SGA.Domain.Tests\SGA.Domain.Tests.csproj", "{4E7EF069-2E18-469D-8ED6-1FEF48646CBA}"
EndProject
Project("{FAE04EC0-301F-11D3-BF4B-00C04F79EFBC}") = "SGA.Application.Tests", "Tests\SGA.Application.Tests\SGA.Application.Tests.csproj", "{AE5A66C6-EF55-402F-8FD0-6A9298E186DD}"
EndProject
Project("{2150E333-8FDC-42A3-9474-1A3956D46DE8}") = "Clients", "Clients", "{9123F88B-E531-3118-42D7-ED8CEF4BD00E}"
EndProject
Project("{2150E333-8FDC-42A3-9474-1A3956D46DE8}") = "Web", "Web", "{ACCBAA91-08BB-DC53-847F-2343F718F236}"
EndProject
Project("{FAE04EC0-301F-11D3-BF4B-00C04F79EFBC}") = "SGA.Web", "Clients\Web\SGA.Web\SGA.Web.csproj", "{00C38D50-F00F-4ACD-A1B9-DDA5B0519FCE}"
EndProject
Project("{2150E333-8FDC-42A3-9474-1A3956D46DE8}") = "Desktop", "Desktop", "{D76BEB42-101B-1E6F-DE83-1492126AD34B}"
EndProject
Project("{FAE04EC0-301F-11D3-BF4B-00C04F79EFBC}") = "SGA.Desktop", "Clients\Desktop\SGA.Desktop\SGA.Desktop.csproj", "{B4781FD2-65C9-498A-84D2-16963FB2A828}"
EndProject
Project("{FAE04EC0-301F-11D3-BF4B-00C04F79EFBC}") = "SGA.Infrastructure", "Infrastructure\SGA.Infrastructure\SGA.Infrastructure.csproj", "{1DEF6AB5-30D0-4D82-B41E-413D85984BB8}"
EndProject
Global
	GlobalSection(SolutionConfigurationPlatforms) = preSolution
		Debug|Any CPU = Debug|Any CPU
		Debug|x64 = Debug|x64
		Debug|x86 = Debug|x86
		Release|Any CPU = Release|Any CPU
		Release|x64 = Release|x64
		Release|x86 = Release|x86
	EndGlobalSection
	GlobalSection(ProjectConfigurationPlatforms) = postSolution
		{DA8EEF1C-34DB-4C49-975D-489C2A9CF656}.Debug|Any CPU.ActiveCfg = Debug|Any CPU
		{DA8EEF1C-34DB-4C49-975D-489C2A9CF656}.Debug|Any CPU.Build.0 = Debug|Any CPU
		{DA8EEF1C-34DB-4C49-975D-489C2A9CF656}.Debug|x64.ActiveCfg = Debug|Any CPU
		{DA8EEF1C-34DB-4C49-975D-489C2A9CF656}.Debug|x64.Build.0 = Debug|Any CPU
		{DA8EEF1C-34DB-4C49-975D-489C2A9CF656}.Debug|x86.ActiveCfg = Debug|Any CPU
		{DA8EEF1C-34DB-4C49-975D-489C2A9CF656}.Debug|x86.Build.0 = Debug|Any CPU
		{DA8EEF1C-34DB-4C49-975D-489C2A9CF656}.Release|Any CPU.ActiveCfg = Release|Any CPU
		{DA8EEF1C-34DB-4C49-975D-489C2A9CF656}.Release|Any CPU.Build.0 = Release|Any CPU
		{DA8EEF1C-34DB-4C49-975D-489C2A9CF656}.Release|x64.ActiveCfg = Release|Any CPU
		{DA8EEF1C-34DB-4C49-975D-489C2A9CF656}.Release|x64.Build.0 = Release|Any CPU
		{DA8EEF1C-34DB-4C49-975D-489C2A9CF656}.Release|x86.ActiveCfg = Release|Any CPU
		{DA8EEF1C-34DB-4C49-975D-489C2A9CF656}.Release|x86.Build.0 = Release|Any CPU
		{024B4D5B-A9AE-4C6B-8F16-5D4AB1C1C3B3}.Debug|Any CPU.ActiveCfg = Debug|Any CPU
		{024B4D5B-A9AE-4C6B-8F16-5D4AB1C1C3B3}.Debug|Any CPU.Build.0 = Debug|Any CPU
		{024B4D5B-A9AE-4C6B-8F16-5D4AB1C1C3B3}.Debug|x64.ActiveCfg = Debug|Any CPU
		{024B4D5B-A9AE-4C6B-8F16-5D4AB1C1C3B3}.Debug|x64.Build.0 = Debug|Any CPU
		{024B4D5B-A9AE-4C6B-8F16-5D4AB1C1C3B3}.Debug|x86.ActiveCfg = Debug|Any CPU
		{024B4D5B-A9AE-4C6B-8F16-5D4AB1C1C3B3}.Debug|x86.Build.0 = Debug|Any CPU
		{024B4D5B-A9AE-4C6B-8F16-5D4AB1C1C3B3}.Release|Any CPU.ActiveCfg = Release|Any CPU
		{024B4D5B-A9AE-4C6B-8F16-5D4AB1C1C3B3}.Release|Any CPU.Build.0 = Release|Any CPU
		{024B4D5B-A9AE-4C6B-8F16-5D4AB1C1C3B3}.Release|x64.ActiveCfg = Release|Any CPU
		{024B4D5B-A9AE-4C6B-8F16-5D4AB1C1C3B3}.Release|x64.Build.0 = Release|Any CPU
		{024B4D5B-A9AE-4C6B-8F16-5D4AB1C1C3B3}.Release|x86.ActiveCfg = Release|Any CPU
		{024B4D5B-A9AE-4C6B-8F16-5D4AB1C1C3B3}.Release|x86.Build.0 = Release|Any CPU
		{E4785DD5-788A-4D6C-BCF6-FDF69F9130A2}.Debug|Any CPU.ActiveCfg = Debug|Any CPU
		{E4785DD5-788A-4D6C-BCF6-FDF69F9130A2}.Debug|Any CPU.Build.0 = Debug|Any CPU
		{E4785DD5-788A-4D6C-BCF6-FDF69F9130A2}.Debug|x64.ActiveCfg = Debug|Any CPU
		{E4785DD5-788A-4D6C-BCF6-FDF69F9130A2}.Debug|x64.Build.0 = Debug|Any CPU
		{E4785DD5-788A-4D6C-BCF6-FDF69F9130A2}.Debug|x86.ActiveCfg = Debug|Any CPU
		{E4785DD5-788A-4D6C-BCF6-FDF69F9130A2}.Debug|x86.Build.0 = Debug|Any CPU
		{E4785DD5-788A-4D6C-BCF6-FDF69F9130A2}.Release|Any CPU.ActiveCfg = Release|Any CPU
		{E4785DD5-788A-4D6C-BCF6-FDF69F9130A2}.Release|Any CPU.Build.0 = Release|Any CPU
		{E4785DD5-788A-4D6C-BCF6-FDF69F9130A2}.Release|x64.ActiveCfg = Release|Any CPU
		{E4785DD5-788A-4D6C-BCF6-FDF69F9130A2}.Release|x64.Build.0 = Release|Any CPU
		{E4785DD5-788A-4D6C-BCF6-FDF69F9130A2}.Release|x86.ActiveCfg = Release|Any CPU
		{E4785DD5-788A-4D6C-BCF6-FDF69F9130A2}.Release|x86.Build.0 = Release|Any CPU
		{63F2BBBC-8E82-4BF8-8175-705FDB63ECAC}.Debug|Any CPU.ActiveCfg = Debug|Any CPU
		{63F2BBBC-8E82-4BF8-8175-705FDB63ECAC}.Debug|Any CPU.Build.0 = Debug|Any CPU
		{63F2BBBC-8E82-4BF8-8175-705FDB63ECAC}.Debug|x64.ActiveCfg = Debug|Any CPU
		{63F2BBBC-8E82-4BF8-8175-705FDB63ECAC}.Debug|x64.Build.0 = Debug|Any CPU
		{63F2BBBC-8E82-4BF8-8175-705FDB63ECAC}.Debug|x86.ActiveCfg = Debug|Any CPU
		{63F2BBBC-8E82-4BF8-8175-705FDB63ECAC}.Debug|x86.Build.0 = Debug|Any CPU
		{63F2BBBC-8E82-4BF8-8175-705FDB63ECAC}.Release|Any CPU.ActiveCfg = Release|Any CPU
		{63F2BBBC-8E82-4BF8-8175-705FDB63ECAC}.Release|Any CPU.Build.0 = Release|Any CPU
		{63F2BBBC-8E82-4BF8-8175-705FDB63ECAC}.Release|x64.ActiveCfg = Release|Any CPU
		{63F2BBBC-8E82-4BF8-8175-705FDB63ECAC}.Release|x64.Build.0 = Release|Any CPU
		{63F2BBBC-8E82-4BF8-8175-705FDB63ECAC}.Release|x86.ActiveCfg = Release|Any CPU
		{63F2BBBC-8E82-4BF8-8175-705FDB63ECAC}.Release|x86.Build.0 = Release|Any CPU
		{4E7EF069-2E18-469D-8ED6-1FEF48646CBA}.Debug|Any CPU.ActiveCfg = Debug|Any CPU
		{4E7EF069-2E18-469D-8ED6-1FEF48646CBA}.Debug|Any CPU.Build.0 = Debug|Any CPU
		{4E7EF069-2E18-469D-8ED6-1FEF48646CBA}.Debug|x64.ActiveCfg = Debug|Any CPU
		{4E7EF069-2E18-469D-8ED6-1FEF48646CBA}.Debug|x64.Build.0 = Debug|Any CPU
		{4E7EF069-2E18-469D-8ED6-1FEF48646CBA}.Debug|x86.ActiveCfg = Debug|Any CPU
		{4E7EF069-2E18-469D-8ED6-1FEF48646CBA}.Debug|x86.Build.0 = Debug|Any CPU
		{4E7EF069-2E18-469D-8ED6-1FEF48646CBA}.Release|Any CPU.ActiveCfg = Release|Any CPU
		{4E7EF069-2E18-469D-8ED6-1FEF48646CBA}.Release|Any CPU.Build.0 = Release|Any CPU
		{4E7EF069-2E18-469D-8ED6-1FEF48646CBA}.Release|x64.ActiveCfg = Release|Any CPU
		{4E7EF069-2E18-469D-8ED6-1FEF48646CBA}.Release|x64.Build.0 = Release|Any CPU
		{4E7EF069-2E18-469D-8ED6-1FEF48646CBA}.Release|x86.ActiveCfg = Release|Any CPU
		{4E7EF069-2E18-469D-8ED6-1FEF48646CBA}.Release|x86.Build.0 = Release|Any CPU
		{AE5A66C6-EF55-402F-8FD0-6A9298E186DD}.Debug|Any CPU.ActiveCfg = Debug|Any CPU
		{AE5A66C6-EF55-402F-8FD0-6A9298E186DD}.Debug|Any CPU.Build.0 = Debug|Any CPU
		{AE5A66C6-EF55-402F-8FD0-6A9298E186DD}.Debug|x64.ActiveCfg = Debug|Any CPU
		{AE5A66C6-EF55-402F-8FD0-6A9298E186DD}.Debug|x64.Build.0 = Debug|Any CPU
		{AE5A66C6-EF55-402F-8FD0-6A9298E186DD}.Debug|x86.ActiveCfg = Debug|Any CPU
		{AE5A66C6-EF55-402F-8FD0-6A9298E186DD}.Debug|x86.Build.0 = Debug|Any CPU
		{AE5A66C6-EF55-402F-8FD0-6A9298E186DD}.Release|Any CPU.ActiveCfg = Release|Any CPU
		{AE5A66C6-EF55-402F-8FD0-6A9298E186DD}.Release|Any CPU.Build.0 = Release|Any CPU
		{AE5A66C6-EF55-402F-8FD0-6A9298E186DD}.Release|x64.ActiveCfg = Release|Any CPU
		{AE5A66C6-EF55-402F-8FD0-6A9298E186DD}.Release|x64.Build.0 = Release|Any CPU
		{AE5A66C6-EF55-402F-8FD0-6A9298E186DD}.Release|x86.ActiveCfg = Release|Any CPU
		{AE5A66C6-EF55-402F-8FD0-6A9298E186DD}.Release|x86.Build.0 = Release|Any CPU
		{00C38D50-F00F-4ACD-A1B9-DDA5B0519FCE}.Debug|Any CPU.ActiveCfg = Debug|Any CPU
		{00C38D50-F00F-4ACD-A1B9-DDA5B0519FCE}.Debug|Any CPU.Build.0 = Debug|Any CPU
		{00C38D50-F00F-4ACD-A1B9-DDA5B0519FCE}.Debug|x64.ActiveCfg = Debug|Any CPU
		{00C38D50-F00F-4ACD-A1B9-DDA5B0519FCE}.Debug|x64.Build.0 = Debug|Any CPU
		{00C38D50-F00F-4ACD-A1B9-DDA5B0519FCE}.Debug|x86.ActiveCfg = Debug|Any CPU
		{00C38D50-F00F-4ACD-A1B9-DDA5B0519FCE}.Debug|x86.Build.0 = Debug|Any CPU
		{00C38D50-F00F-4ACD-A1B9-DDA5B0519FCE}.Release|Any CPU.ActiveCfg = Release|Any CPU
		{00C38D50-F00F-4ACD-A1B9-DDA5B0519FCE}.Release|Any CPU.Build.0 = Release|Any CPU
		{00C38D50-F00F-4ACD-A1B9-DDA5B0519FCE}.Release|x64.ActiveCfg = Release|Any CPU
		{00C38D50-F00F-4ACD-A1B9-DDA5B0519FCE}.Release|x64.Build.0 = Release|Any CPU
		{00C38D50-F00F-4ACD-A1B9-DDA5B0519FCE}.Release|x86.ActiveCfg = Release|Any CPU
		{00C38D50-F00F-4ACD-A1B9-DDA5B0519FCE}.Release|x86.Build.0 = Release|Any CPU
		{B4781FD2-65C9-498A-84D2-16963FB2A828}.Debug|Any CPU.ActiveCfg = Debug|Any CPU
		{B4781FD2-65C9-498A-84D2-16963FB2A828}.Debug|Any CPU.Build.0 = Debug|Any CPU
		{B4781FD2-65C9-498A-84D2-16963FB2A828}.Debug|x64.ActiveCfg = Debug|Any CPU
		{B4781FD2-65C9-498A-84D2-16963FB2A828}.Debug|x64.Build.0 = Debug|Any CPU
		{B4781FD2-65C9-498A-84D2-16963FB2A828}.Debug|x86.ActiveCfg = Debug|Any CPU
		{B4781FD2-65C9-498A-84D2-16963FB2A828}.Debug|x86.Build.0 = Debug|Any CPU
		{B4781FD2-65C9-498A-84D2-16963FB2A828}.Release|Any CPU.ActiveCfg = Release|Any CPU
		{B4781FD2-65C9-498A-84D2-16963FB2A828}.Release|Any CPU.Build.0 = Release|Any CPU
		{B4781FD2-65C9-498A-84D2-16963FB2A828}.Release|x64.ActiveCfg = Release|Any CPU
		{B4781FD2-65C9-498A-84D2-16963FB2A828}.Release|x64.Build.0 = Release|Any CPU
		{B4781FD2-65C9-498A-84D2-16963FB2A828}.Release|x86.ActiveCfg = Release|Any CPU
		{B4781FD2-65C9-498A-84D2-16963FB2A828}.Release|x86.Build.0 = Release|Any CPU
		{1DEF6AB5-30D0-4D82-B41E-413D85984BB8}.Debug|Any CPU.ActiveCfg = Debug|Any CPU
		{1DEF6AB5-30D0-4D82-B41E-413D85984BB8}.Debug|Any CPU.Build.0 = Debug|Any CPU
		{1DEF6AB5-30D0-4D82-B41E-413D85984BB8}.Debug|x64.ActiveCfg = Debug|Any CPU
		{1DEF6AB5-30D0-4D82-B41E-413D85984BB8}.Debug|x64.Build.0 = Debug|Any CPU
		{1DEF6AB5-30D0-4D82-B41E-413D85984BB8}.Debug|x86.ActiveCfg = Debug|Any CPU
		{1DEF6AB5-30D0-4D82-B41E-413D85984BB8}.Debug|x86.Build.0 = Debug|Any CPU
		{1DEF6AB5-30D0-4D82-B41E-413D85984BB8}.Release|Any CPU.ActiveCfg = Release|Any CPU
		{1DEF6AB5-30D0-4D82-B41E-413D85984BB8}.Release|Any CPU.Build.0 = Release|Any CPU
		{1DEF6AB5-30D0-4D82-B41E-413D85984BB8}.Release|x64.ActiveCfg = Release|Any CPU
		{1DEF6AB5-30D0-4D82-B41E-413D85984BB8}.Release|x64.Build.0 = Release|Any CPU
		{1DEF6AB5-30D0-4D82-B41E-413D85984BB8}.Release|x86.ActiveCfg = Release|Any CPU
		{1DEF6AB5-30D0-4D82-B41E-413D85984BB8}.Release|x86.Build.0 = Release|Any CPU
	EndGlobalSection
	GlobalSection(SolutionProperties) = preSolution
		HideSolutionNode = FALSE
	EndGlobalSection
	GlobalSection(NestedProjects) = preSolution
		{DA8EEF1C-34DB-4C49-975D-489C2A9CF656} = {996CEBED-A05B-5D42-3FF0-982E087A2599}
		{024B4D5B-A9AE-4C6B-8F16-5D4AB1C1C3B3} = {A74F262E-BDE7-D5D2-89E9-785413424D0A}
		{FE6F03B7-E52A-C330-3B18-B788188019C7} = {DFEE68D8-A7D0-1A41-506C-9B74AA9A7B7B}
		{E4785DD5-788A-4D6C-BCF6-FDF69F9130A2} = {FE6F03B7-E52A-C330-3B18-B788188019C7}
		{63F2BBBC-8E82-4BF8-8175-705FDB63ECAC} = {D82C56D6-B2CD-F611-9E31-04638F7EC30E}
		{4E7EF069-2E18-469D-8ED6-1FEF48646CBA} = {0AB3BF05-4346-4AA6-1389-037BE0695223}
		{AE5A66C6-EF55-402F-8FD0-6A9298E186DD} = {0AB3BF05-4346-4AA6-1389-037BE0695223}
		{ACCBAA91-08BB-DC53-847F-2343F718F236} = {9123F88B-E531-3118-42D7-ED8CEF4BD00E}
		{00C38D50-F00F-4ACD-A1B9-DDA5B0519FCE} = {ACCBAA91-08BB-DC53-847F-2343F718F236}
		{D76BEB42-101B-1E6F-DE83-1492126AD34B} = {9123F88B-E531-3118-42D7-ED8CEF4BD00E}
		{B4781FD2-65C9-498A-84D2-16963FB2A828} = {D76BEB42-101B-1E6F-DE83-1492126AD34B}
		{1DEF6AB5-30D0-4D82-B41E-413D85984BB8} = {DFEE68D8-A7D0-1A41-506C-9B74AA9A7B7B}
	EndGlobalSection
	GlobalSection(ExtensibilityGlobals) = postSolution
		SolutionGuid = {6940C87F-35DC-4786-AC78-1C6679F88609}
	EndGlobalSection
EndGlobal
